// !$*UTF8*$!
{
	archiveVersion = 1;
	classes = {
	};
	objectVersion = 55;
	objects = {

/* Begin PBXBuildFile section */
		E214ED382764EA9000274FD3 /* WalkThroughData.swift in Sources */ = {isa = PBXBuildFile; fileRef = E214ED372764EA9000274FD3 /* WalkThroughData.swift */; };
		E274295B276D0AEE00D6676D /* HomeCell.swift in Sources */ = {isa = PBXBuildFile; fileRef = E2742959276D0AEE00D6676D /* HomeCell.swift */; };
		E274295C276D0AEE00D6676D /* HomeCell.xib in Resources */ = {isa = PBXBuildFile; fileRef = E274295A276D0AEE00D6676D /* HomeCell.xib */; };
		E27F16CE27697F36000EC632 /* HomeVM.swift in Sources */ = {isa = PBXBuildFile; fileRef = E27F16CD27697F36000EC632 /* HomeVM.swift */; };
		E27F16D027698145000EC632 /* MainTabBarVC.swift in Sources */ = {isa = PBXBuildFile; fileRef = E27F16CF27698145000EC632 /* MainTabBarVC.swift */; };
		E28EBE7B276D577400D2BAE2 /* MainTabBar.swift in Sources */ = {isa = PBXBuildFile; fileRef = E28EBE7A276D577400D2BAE2 /* MainTabBar.swift */; };
		E29A787927664EB3004F6111 /* WalkThroughCell.swift in Sources */ = {isa = PBXBuildFile; fileRef = E29A787827664EB3004F6111 /* WalkThroughCell.swift */; };
		E29FFF18273E9950001AA2A4 /* AppDelegate.swift in Sources */ = {isa = PBXBuildFile; fileRef = E29FFF17273E9950001AA2A4 /* AppDelegate.swift */; };
		E29FFF1A273E9950001AA2A4 /* SceneDelegate.swift in Sources */ = {isa = PBXBuildFile; fileRef = E29FFF19273E9950001AA2A4 /* SceneDelegate.swift */; };
		E29FFF1F273E9950001AA2A4 /* Main.storyboard in Resources */ = {isa = PBXBuildFile; fileRef = E29FFF1D273E9950001AA2A4 /* Main.storyboard */; };
		E29FFF21273E9952001AA2A4 /* Assets.xcassets in Resources */ = {isa = PBXBuildFile; fileRef = E29FFF20273E9952001AA2A4 /* Assets.xcassets */; };
		E29FFF24273E9952001AA2A4 /* LaunchScreen.storyboard in Resources */ = {isa = PBXBuildFile; fileRef = E29FFF22273E9952001AA2A4 /* LaunchScreen.storyboard */; };
		E2C0FA712769485B0003B07E /* UIColor+init.swift in Sources */ = {isa = PBXBuildFile; fileRef = E2C0FA592769485B0003B07E /* UIColor+init.swift */; };
		E2C0FA722769485B0003B07E /* UIAplications+Extensions.swift in Sources */ = {isa = PBXBuildFile; fileRef = E2C0FA5A2769485B0003B07E /* UIAplications+Extensions.swift */; };
		E2C0FA732769485B0003B07E /* UIAlert+Extension.swift in Sources */ = {isa = PBXBuildFile; fileRef = E2C0FA5B2769485B0003B07E /* UIAlert+Extension.swift */; };
		E2C0FA742769485B0003B07E /* ExUiImage.swift in Sources */ = {isa = PBXBuildFile; fileRef = E2C0FA5C2769485B0003B07E /* ExUiImage.swift */; };
		E2C0FA752769485B0003B07E /* UIViewController+Ex.swift in Sources */ = {isa = PBXBuildFile; fileRef = E2C0FA5D2769485B0003B07E /* UIViewController+Ex.swift */; };
		E2C0FA762769485B0003B07E /* TableViewEx.swift in Sources */ = {isa = PBXBuildFile; fileRef = E2C0FA5E2769485B0003B07E /* TableViewEx.swift */; };
		E2C0FA772769485B0003B07E /* UITableView+EmptyMessageExtension.swift in Sources */ = {isa = PBXBuildFile; fileRef = E2C0FA5F2769485B0003B07E /* UITableView+EmptyMessageExtension.swift */; };
		E2C0FA782769485B0003B07E /* XIB.swift in Sources */ = {isa = PBXBuildFile; fileRef = E2C0FA612769485B0003B07E /* XIB.swift */; };
		E2C0FA792769485B0003B07E /* Storyboard.swift in Sources */ = {isa = PBXBuildFile; fileRef = E2C0FA622769485B0003B07E /* Storyboard.swift */; };
		E2C0FA7A2769485B0003B07E /* UICollectionView+EmptyMessage.swift in Sources */ = {isa = PBXBuildFile; fileRef = E2C0FA632769485B0003B07E /* UICollectionView+EmptyMessage.swift */; };
		E2C0FA7B2769485B0003B07E /* UIView+Extentions.swift in Sources */ = {isa = PBXBuildFile; fileRef = E2C0FA642769485B0003B07E /* UIView+Extentions.swift */; };
		E2C0FA7C2769485B0003B07E /* UINavigationController+Ex.swift in Sources */ = {isa = PBXBuildFile; fileRef = E2C0FA652769485B0003B07E /* UINavigationController+Ex.swift */; };
		E2C0FA7D2769485B0003B07E /* CollectionViewEx.swift in Sources */ = {isa = PBXBuildFile; fileRef = E2C0FA662769485B0003B07E /* CollectionViewEx.swift */; };
		E2C0FA7E2769485B0003B07E /* IntExtension.swift in Sources */ = {isa = PBXBuildFile; fileRef = E2C0FA672769485B0003B07E /* IntExtension.swift */; };
		E2C0FA7F2769485B0003B07E /* DoubleExtention.swift in Sources */ = {isa = PBXBuildFile; fileRef = E2C0FA682769485B0003B07E /* DoubleExtention.swift */; };
		E2C0FA802769485B0003B07E /* EXString.swift in Sources */ = {isa = PBXBuildFile; fileRef = E2C0FA692769485B0003B07E /* EXString.swift */; };
		E2C0FA812769485B0003B07E /* UIButton+CenterContent.swift in Sources */ = {isa = PBXBuildFile; fileRef = E2C0FA6A2769485B0003B07E /* UIButton+CenterContent.swift */; };
		E2C0FA822769485B0003B07E /* UIView+Gestures.swift in Sources */ = {isa = PBXBuildFile; fileRef = E2C0FA6B2769485B0003B07E /* UIView+Gestures.swift */; };
		E2C0FA832769485B0003B07E /* UITableView+Scrolling.swift in Sources */ = {isa = PBXBuildFile; fileRef = E2C0FA6C2769485B0003B07E /* UITableView+Scrolling.swift */; };
		E2C0FA842769485B0003B07E /* TextFieldExtensions.swift in Sources */ = {isa = PBXBuildFile; fileRef = E2C0FA6D2769485B0003B07E /* TextFieldExtensions.swift */; };
		E2C0FA852769485B0003B07E /* UIBarButtonItem+Extension.swift in Sources */ = {isa = PBXBuildFile; fileRef = E2C0FA6E2769485B0003B07E /* UIBarButtonItem+Extension.swift */; };
		E2C0FA862769485B0003B07E /* Array+Extension.swift in Sources */ = {isa = PBXBuildFile; fileRef = E2C0FA6F2769485B0003B07E /* Array+Extension.swift */; };
		E2C0FA872769485B0003B07E /* UIView+constrains.swift in Sources */ = {isa = PBXBuildFile; fileRef = E2C0FA702769485B0003B07E /* UIView+constrains.swift */; };
		E2C0FA8F276948D70003B07E /* NotifyMessage.swift in Sources */ = {isa = PBXBuildFile; fileRef = E2C0FA89276948D70003B07E /* NotifyMessage.swift */; };
		E2C0FA90276948D70003B07E /* ValidationManger.swift in Sources */ = {isa = PBXBuildFile; fileRef = E2C0FA8A276948D70003B07E /* ValidationManger.swift */; };
		E2C0FA92276948D70003B07E /* Activity.swift in Sources */ = {isa = PBXBuildFile; fileRef = E2C0FA8C276948D70003B07E /* Activity.swift */; };
		E2C0FA93276948D70003B07E /* DateHelper.swift in Sources */ = {isa = PBXBuildFile; fileRef = E2C0FA8D276948D70003B07E /* DateHelper.swift */; };
		E2C0FA94276948D70003B07E /* SearchManager.swift in Sources */ = {isa = PBXBuildFile; fileRef = E2C0FA8E276948D70003B07E /* SearchManager.swift */; };
		E2C0FA9F27694A180003B07E /* DataManager.swift in Sources */ = {isa = PBXBuildFile; fileRef = E2C0FA9627694A180003B07E /* DataManager.swift */; };
		E2C0FAA027694A180003B07E /* MoyaProviderBuilder.swift in Sources */ = {isa = PBXBuildFile; fileRef = E2C0FA9827694A180003B07E /* MoyaProviderBuilder.swift */; };
		E2C0FAA127694A180003B07E /* APIConstants.swift in Sources */ = {isa = PBXBuildFile; fileRef = E2C0FA9927694A180003B07E /* APIConstants.swift */; };
		E2C0FAA227694A180003B07E /* Single+Request.swift in Sources */ = {isa = PBXBuildFile; fileRef = E2C0FA9A27694A180003B07E /* Single+Request.swift */; };
		E2C0FAA327694A180003B07E /* NetworkError.swift in Sources */ = {isa = PBXBuildFile; fileRef = E2C0FA9B27694A180003B07E /* NetworkError.swift */; };
		E2C380922741737D0069E9B3 /* WalkThroughVC.swift in Sources */ = {isa = PBXBuildFile; fileRef = E2C380912741737D0069E9B3 /* WalkThroughVC.swift */; };
		E2D13BDB276A623F0007752E /* HomeDataSrc.swift in Sources */ = {isa = PBXBuildFile; fileRef = E2D13BDA276A623F0007752E /* HomeDataSrc.swift */; };
		E2DB4C6827692E5100A46B94 /* HomeVC.swift in Sources */ = {isa = PBXBuildFile; fileRef = E2DB4C6727692E5100A46B94 /* HomeVC.swift */; };
		E2DB4C6B27693A1700A46B94 /* BaseWireframe.swift in Sources */ = {isa = PBXBuildFile; fileRef = E2DB4C6A27693A1700A46B94 /* BaseWireframe.swift */; };
		E2DB4C6D27693A2300A46B94 /* ViewModel.swift in Sources */ = {isa = PBXBuildFile; fileRef = E2DB4C6C27693A2300A46B94 /* ViewModel.swift */; };
		E2DE3DE627C525B100156165 /* CardColelctionViewCell.swift in Sources */ = {isa = PBXBuildFile; fileRef = E2DE3DE427C525B100156165 /* CardColelctionViewCell.swift */; };
		E2DE3DE727C525B100156165 /* CardColelctionViewCell.xib in Resources */ = {isa = PBXBuildFile; fileRef = E2DE3DE527C525B100156165 /* CardColelctionViewCell.xib */; };
		EBEAFF395BCBA3AE26429A4E /* Pods_EasyMoney.framework in Frameworks */ = {isa = PBXBuildFile; fileRef = A7BD2C098D656CDFBDB0B394 /* Pods_EasyMoney.framework */; };
/* End PBXBuildFile section */

/* Begin PBXFileReference section */
		85529D7BABB7FC4D533FA7ED /* Pods-EasyMoney.debug.xcconfig */ = {isa = PBXFileReference; includeInIndex = 1; lastKnownFileType = text.xcconfig; name = "Pods-EasyMoney.debug.xcconfig"; path = "Target Support Files/Pods-EasyMoney/Pods-EasyMoney.debug.xcconfig"; sourceTree = "<group>"; };
		A7BD2C098D656CDFBDB0B394 /* Pods_EasyMoney.framework */ = {isa = PBXFileReference; explicitFileType = wrapper.framework; includeInIndex = 0; path = Pods_EasyMoney.framework; sourceTree = BUILT_PRODUCTS_DIR; };
		B902C07E4FA9665AF5C8DB9B /* Pods-EasyMoney.release.xcconfig */ = {isa = PBXFileReference; includeInIndex = 1; lastKnownFileType = text.xcconfig; name = "Pods-EasyMoney.release.xcconfig"; path = "Target Support Files/Pods-EasyMoney/Pods-EasyMoney.release.xcconfig"; sourceTree = "<group>"; };
		E214ED372764EA9000274FD3 /* WalkThroughData.swift */ = {isa = PBXFileReference; lastKnownFileType = sourcecode.swift; path = WalkThroughData.swift; sourceTree = "<group>"; };
		E2742959276D0AEE00D6676D /* HomeCell.swift */ = {isa = PBXFileReference; lastKnownFileType = sourcecode.swift; path = HomeCell.swift; sourceTree = "<group>"; };
		E274295A276D0AEE00D6676D /* HomeCell.xib */ = {isa = PBXFileReference; lastKnownFileType = file.xib; path = HomeCell.xib; sourceTree = "<group>"; };
		E27F16CD27697F36000EC632 /* HomeVM.swift */ = {isa = PBXFileReference; lastKnownFileType = sourcecode.swift; path = HomeVM.swift; sourceTree = "<group>"; };
		E27F16CF27698145000EC632 /* MainTabBarVC.swift */ = {isa = PBXFileReference; lastKnownFileType = sourcecode.swift; path = MainTabBarVC.swift; sourceTree = "<group>"; };
		E28EBE7A276D577400D2BAE2 /* MainTabBar.swift */ = {isa = PBXFileReference; lastKnownFileType = sourcecode.swift; path = MainTabBar.swift; sourceTree = "<group>"; };
		E29A787827664EB3004F6111 /* WalkThroughCell.swift */ = {isa = PBXFileReference; lastKnownFileType = sourcecode.swift; path = WalkThroughCell.swift; sourceTree = "<group>"; };
		E29FFF14273E9950001AA2A4 /* EasyMoney.app */ = {isa = PBXFileReference; explicitFileType = wrapper.application; includeInIndex = 0; path = EasyMoney.app; sourceTree = BUILT_PRODUCTS_DIR; };
		E29FFF17273E9950001AA2A4 /* AppDelegate.swift */ = {isa = PBXFileReference; lastKnownFileType = sourcecode.swift; path = AppDelegate.swift; sourceTree = "<group>"; };
		E29FFF19273E9950001AA2A4 /* SceneDelegate.swift */ = {isa = PBXFileReference; lastKnownFileType = sourcecode.swift; path = SceneDelegate.swift; sourceTree = "<group>"; };
		E29FFF1E273E9950001AA2A4 /* Base */ = {isa = PBXFileReference; lastKnownFileType = file.storyboard; name = Base; path = Base.lproj/Main.storyboard; sourceTree = "<group>"; };
		E29FFF20273E9952001AA2A4 /* Assets.xcassets */ = {isa = PBXFileReference; lastKnownFileType = folder.assetcatalog; path = Assets.xcassets; sourceTree = "<group>"; };
		E29FFF23273E9952001AA2A4 /* Base */ = {isa = PBXFileReference; lastKnownFileType = file.storyboard; name = Base; path = Base.lproj/LaunchScreen.storyboard; sourceTree = "<group>"; };
		E29FFF25273E9952001AA2A4 /* Info.plist */ = {isa = PBXFileReference; lastKnownFileType = text.plist.xml; path = Info.plist; sourceTree = "<group>"; };
		E2C0FA592769485B0003B07E /* UIColor+init.swift */ = {isa = PBXFileReference; fileEncoding = 4; lastKnownFileType = sourcecode.swift; path = "UIColor+init.swift"; sourceTree = "<group>"; };
		E2C0FA5A2769485B0003B07E /* UIAplications+Extensions.swift */ = {isa = PBXFileReference; fileEncoding = 4; lastKnownFileType = sourcecode.swift; path = "UIAplications+Extensions.swift"; sourceTree = "<group>"; };
		E2C0FA5B2769485B0003B07E /* UIAlert+Extension.swift */ = {isa = PBXFileReference; fileEncoding = 4; lastKnownFileType = sourcecode.swift; path = "UIAlert+Extension.swift"; sourceTree = "<group>"; };
		E2C0FA5C2769485B0003B07E /* ExUiImage.swift */ = {isa = PBXFileReference; fileEncoding = 4; lastKnownFileType = sourcecode.swift; path = ExUiImage.swift; sourceTree = "<group>"; };
		E2C0FA5D2769485B0003B07E /* UIViewController+Ex.swift */ = {isa = PBXFileReference; fileEncoding = 4; lastKnownFileType = sourcecode.swift; path = "UIViewController+Ex.swift"; sourceTree = "<group>"; };
		E2C0FA5E2769485B0003B07E /* TableViewEx.swift */ = {isa = PBXFileReference; fileEncoding = 4; lastKnownFileType = sourcecode.swift; path = TableViewEx.swift; sourceTree = "<group>"; };
		E2C0FA5F2769485B0003B07E /* UITableView+EmptyMessageExtension.swift */ = {isa = PBXFileReference; fileEncoding = 4; lastKnownFileType = sourcecode.swift; path = "UITableView+EmptyMessageExtension.swift"; sourceTree = "<group>"; };
		E2C0FA612769485B0003B07E /* XIB.swift */ = {isa = PBXFileReference; fileEncoding = 4; lastKnownFileType = sourcecode.swift; path = XIB.swift; sourceTree = "<group>"; };
		E2C0FA622769485B0003B07E /* Storyboard.swift */ = {isa = PBXFileReference; fileEncoding = 4; lastKnownFileType = sourcecode.swift; path = Storyboard.swift; sourceTree = "<group>"; };
		E2C0FA632769485B0003B07E /* UICollectionView+EmptyMessage.swift */ = {isa = PBXFileReference; fileEncoding = 4; lastKnownFileType = sourcecode.swift; path = "UICollectionView+EmptyMessage.swift"; sourceTree = "<group>"; };
		E2C0FA642769485B0003B07E /* UIView+Extentions.swift */ = {isa = PBXFileReference; fileEncoding = 4; lastKnownFileType = sourcecode.swift; path = "UIView+Extentions.swift"; sourceTree = "<group>"; };
		E2C0FA652769485B0003B07E /* UINavigationController+Ex.swift */ = {isa = PBXFileReference; fileEncoding = 4; lastKnownFileType = sourcecode.swift; path = "UINavigationController+Ex.swift"; sourceTree = "<group>"; };
		E2C0FA662769485B0003B07E /* CollectionViewEx.swift */ = {isa = PBXFileReference; fileEncoding = 4; lastKnownFileType = sourcecode.swift; path = CollectionViewEx.swift; sourceTree = "<group>"; };
		E2C0FA672769485B0003B07E /* IntExtension.swift */ = {isa = PBXFileReference; fileEncoding = 4; lastKnownFileType = sourcecode.swift; path = IntExtension.swift; sourceTree = "<group>"; };
		E2C0FA682769485B0003B07E /* DoubleExtention.swift */ = {isa = PBXFileReference; fileEncoding = 4; lastKnownFileType = sourcecode.swift; path = DoubleExtention.swift; sourceTree = "<group>"; };
		E2C0FA692769485B0003B07E /* EXString.swift */ = {isa = PBXFileReference; fileEncoding = 4; lastKnownFileType = sourcecode.swift; path = EXString.swift; sourceTree = "<group>"; };
		E2C0FA6A2769485B0003B07E /* UIButton+CenterContent.swift */ = {isa = PBXFileReference; fileEncoding = 4; lastKnownFileType = sourcecode.swift; path = "UIButton+CenterContent.swift"; sourceTree = "<group>"; };
		E2C0FA6B2769485B0003B07E /* UIView+Gestures.swift */ = {isa = PBXFileReference; fileEncoding = 4; lastKnownFileType = sourcecode.swift; path = "UIView+Gestures.swift"; sourceTree = "<group>"; };
		E2C0FA6C2769485B0003B07E /* UITableView+Scrolling.swift */ = {isa = PBXFileReference; fileEncoding = 4; lastKnownFileType = sourcecode.swift; path = "UITableView+Scrolling.swift"; sourceTree = "<group>"; };
		E2C0FA6D2769485B0003B07E /* TextFieldExtensions.swift */ = {isa = PBXFileReference; fileEncoding = 4; lastKnownFileType = sourcecode.swift; path = TextFieldExtensions.swift; sourceTree = "<group>"; };
		E2C0FA6E2769485B0003B07E /* UIBarButtonItem+Extension.swift */ = {isa = PBXFileReference; fileEncoding = 4; lastKnownFileType = sourcecode.swift; path = "UIBarButtonItem+Extension.swift"; sourceTree = "<group>"; };
		E2C0FA6F2769485B0003B07E /* Array+Extension.swift */ = {isa = PBXFileReference; fileEncoding = 4; lastKnownFileType = sourcecode.swift; path = "Array+Extension.swift"; sourceTree = "<group>"; };
		E2C0FA702769485B0003B07E /* UIView+constrains.swift */ = {isa = PBXFileReference; fileEncoding = 4; lastKnownFileType = sourcecode.swift; path = "UIView+constrains.swift"; sourceTree = "<group>"; };
		E2C0FA89276948D70003B07E /* NotifyMessage.swift */ = {isa = PBXFileReference; fileEncoding = 4; lastKnownFileType = sourcecode.swift; path = NotifyMessage.swift; sourceTree = "<group>"; };
		E2C0FA8A276948D70003B07E /* ValidationManger.swift */ = {isa = PBXFileReference; fileEncoding = 4; lastKnownFileType = sourcecode.swift; path = ValidationManger.swift; sourceTree = "<group>"; };
		E2C0FA8C276948D70003B07E /* Activity.swift */ = {isa = PBXFileReference; fileEncoding = 4; lastKnownFileType = sourcecode.swift; path = Activity.swift; sourceTree = "<group>"; };
		E2C0FA8D276948D70003B07E /* DateHelper.swift */ = {isa = PBXFileReference; fileEncoding = 4; lastKnownFileType = sourcecode.swift; path = DateHelper.swift; sourceTree = "<group>"; };
		E2C0FA8E276948D70003B07E /* SearchManager.swift */ = {isa = PBXFileReference; fileEncoding = 4; lastKnownFileType = sourcecode.swift; path = SearchManager.swift; sourceTree = "<group>"; };
		E2C0FA9627694A180003B07E /* DataManager.swift */ = {isa = PBXFileReference; fileEncoding = 4; lastKnownFileType = sourcecode.swift; path = DataManager.swift; sourceTree = "<group>"; };
		E2C0FA9827694A180003B07E /* MoyaProviderBuilder.swift */ = {isa = PBXFileReference; fileEncoding = 4; lastKnownFileType = sourcecode.swift; path = MoyaProviderBuilder.swift; sourceTree = "<group>"; };
		E2C0FA9927694A180003B07E /* APIConstants.swift */ = {isa = PBXFileReference; fileEncoding = 4; lastKnownFileType = sourcecode.swift; path = APIConstants.swift; sourceTree = "<group>"; };
		E2C0FA9A27694A180003B07E /* Single+Request.swift */ = {isa = PBXFileReference; fileEncoding = 4; lastKnownFileType = sourcecode.swift; path = "Single+Request.swift"; sourceTree = "<group>"; };
		E2C0FA9B27694A180003B07E /* NetworkError.swift */ = {isa = PBXFileReference; fileEncoding = 4; lastKnownFileType = sourcecode.swift; path = NetworkError.swift; sourceTree = "<group>"; };
		E2C380912741737D0069E9B3 /* WalkThroughVC.swift */ = {isa = PBXFileReference; lastKnownFileType = sourcecode.swift; path = WalkThroughVC.swift; sourceTree = "<group>"; };
		E2D13BDA276A623F0007752E /* HomeDataSrc.swift */ = {isa = PBXFileReference; lastKnownFileType = sourcecode.swift; path = HomeDataSrc.swift; sourceTree = "<group>"; };
		E2DB4C6727692E5100A46B94 /* HomeVC.swift */ = {isa = PBXFileReference; lastKnownFileType = sourcecode.swift; path = HomeVC.swift; sourceTree = "<group>"; };
		E2DB4C6A27693A1700A46B94 /* BaseWireframe.swift */ = {isa = PBXFileReference; lastKnownFileType = sourcecode.swift; path = BaseWireframe.swift; sourceTree = "<group>"; };
		E2DB4C6C27693A2300A46B94 /* ViewModel.swift */ = {isa = PBXFileReference; lastKnownFileType = sourcecode.swift; path = ViewModel.swift; sourceTree = "<group>"; };
		E2DE3DE427C525B100156165 /* CardColelctionViewCell.swift */ = {isa = PBXFileReference; lastKnownFileType = sourcecode.swift; path = CardColelctionViewCell.swift; sourceTree = "<group>"; };
		E2DE3DE527C525B100156165 /* CardColelctionViewCell.xib */ = {isa = PBXFileReference; lastKnownFileType = file.xib; path = CardColelctionViewCell.xib; sourceTree = "<group>"; };
/* End PBXFileReference section */

/* Begin PBXFrameworksBuildPhase section */
		E29FFF11273E9950001AA2A4 /* Frameworks */ = {
			isa = PBXFrameworksBuildPhase;
			buildActionMask = 2147483647;
			files = (
				EBEAFF395BCBA3AE26429A4E /* Pods_EasyMoney.framework in Frameworks */,
			);
			runOnlyForDeploymentPostprocessing = 0;
		};
/* End PBXFrameworksBuildPhase section */

/* Begin PBXGroup section */
		C7DEF015213D5A199228432F /* Pods */ = {
			isa = PBXGroup;
			children = (
				85529D7BABB7FC4D533FA7ED /* Pods-EasyMoney.debug.xcconfig */,
				B902C07E4FA9665AF5C8DB9B /* Pods-EasyMoney.release.xcconfig */,
			);
			path = Pods;
			sourceTree = "<group>";
		};
		D6F986AFE745AB152F5A1E72 /* Frameworks */ = {
			isa = PBXGroup;
			children = (
				A7BD2C098D656CDFBDB0B394 /* Pods_EasyMoney.framework */,
			);
			name = Frameworks;
			sourceTree = "<group>";
		};
		E2742954276D0A6400D6676D /* Reusable cells */ = {
			isa = PBXGroup;
			children = (
				E2DE3DE327C5256A00156165 /* CardCell */,
				E2742958276D0ADB00D6676D /* HomeCell */,
			);
			path = "Reusable cells";
			sourceTree = "<group>";
		};
		E2742955276D0A8900D6676D /* ViewControllers */ = {
			isa = PBXGroup;
			children = (
				E28EBE7C276D578100D2BAE2 /* TabBar */,
				E2C38090274173560069E9B3 /* WalkThrough */,
				E2DB4C6427692E1F00A46B94 /* Home */,
			);
			path = ViewControllers;
			sourceTree = "<group>";
		};
		E2742958276D0ADB00D6676D /* HomeCell */ = {
			isa = PBXGroup;
			children = (
				E2742959276D0AEE00D6676D /* HomeCell.swift */,
				E274295A276D0AEE00D6676D /* HomeCell.xib */,
			);
			path = HomeCell;
			sourceTree = "<group>";
		};
		E28EBE7C276D578100D2BAE2 /* TabBar */ = {
			isa = PBXGroup;
			children = (
				E27F16CF27698145000EC632 /* MainTabBarVC.swift */,
				E28EBE7A276D577400D2BAE2 /* MainTabBar.swift */,
			);
			path = TabBar;
			sourceTree = "<group>";
		};
		E29FFF0B273E9950001AA2A4 = {
			isa = PBXGroup;
			children = (
				E29FFF16273E9950001AA2A4 /* EasyMoney */,
				E29FFF15273E9950001AA2A4 /* Products */,
				C7DEF015213D5A199228432F /* Pods */,
				D6F986AFE745AB152F5A1E72 /* Frameworks */,
			);
			sourceTree = "<group>";
		};
		E29FFF15273E9950001AA2A4 /* Products */ = {
			isa = PBXGroup;
			children = (
				E29FFF14273E9950001AA2A4 /* EasyMoney.app */,
			);
			name = Products;
			sourceTree = "<group>";
		};
		E29FFF16273E9950001AA2A4 /* EasyMoney */ = {
			isa = PBXGroup;
			children = (
				E2C3808B274172D90069E9B3 /* Common */,
				E2C3808C274172FB0069E9B3 /* Presentation */,
				E2C3808D2741730D0069E9B3 /* Data */,
				E2C3808E274173260069E9B3 /* Modules */,
				E29FFF25273E9952001AA2A4 /* Info.plist */,
			);
			path = EasyMoney;
			sourceTree = "<group>";
		};
		E2C0FA582769485B0003B07E /* Extentions */ = {
			isa = PBXGroup;
			children = (
				E2C0FA592769485B0003B07E /* UIColor+init.swift */,
				E2C0FA5A2769485B0003B07E /* UIAplications+Extensions.swift */,
				E2C0FA5B2769485B0003B07E /* UIAlert+Extension.swift */,
				E2C0FA5C2769485B0003B07E /* ExUiImage.swift */,
				E2C0FA5D2769485B0003B07E /* UIViewController+Ex.swift */,
				E2C0FA5E2769485B0003B07E /* TableViewEx.swift */,
				E2C0FA5F2769485B0003B07E /* UITableView+EmptyMessageExtension.swift */,
				E2C0FA602769485B0003B07E /* XIB and StoryBoard */,
				E2C0FA632769485B0003B07E /* UICollectionView+EmptyMessage.swift */,
				E2C0FA642769485B0003B07E /* UIView+Extentions.swift */,
				E2C0FA652769485B0003B07E /* UINavigationController+Ex.swift */,
				E2C0FA662769485B0003B07E /* CollectionViewEx.swift */,
				E2C0FA672769485B0003B07E /* IntExtension.swift */,
				E2C0FA682769485B0003B07E /* DoubleExtention.swift */,
				E2C0FA692769485B0003B07E /* EXString.swift */,
				E2C0FA6A2769485B0003B07E /* UIButton+CenterContent.swift */,
				E2C0FA6B2769485B0003B07E /* UIView+Gestures.swift */,
				E2C0FA6C2769485B0003B07E /* UITableView+Scrolling.swift */,
				E2C0FA6D2769485B0003B07E /* TextFieldExtensions.swift */,
				E2C0FA6E2769485B0003B07E /* UIBarButtonItem+Extension.swift */,
				E2C0FA6F2769485B0003B07E /* Array+Extension.swift */,
				E2C0FA702769485B0003B07E /* UIView+constrains.swift */,
			);
			path = Extentions;
			sourceTree = "<group>";
		};
		E2C0FA602769485B0003B07E /* XIB and StoryBoard */ = {
			isa = PBXGroup;
			children = (
				E2C0FA612769485B0003B07E /* XIB.swift */,
				E2C0FA622769485B0003B07E /* Storyboard.swift */,
			);
			path = "XIB and StoryBoard";
			sourceTree = "<group>";
		};
		E2C0FA88276948D70003B07E /* Helpers */ = {
			isa = PBXGroup;
			children = (
				E2C0FA89276948D70003B07E /* NotifyMessage.swift */,
				E2C0FA8A276948D70003B07E /* ValidationManger.swift */,
				E2C0FA8C276948D70003B07E /* Activity.swift */,
				E2C0FA8D276948D70003B07E /* DateHelper.swift */,
				E2C0FA8E276948D70003B07E /* SearchManager.swift */,
			);
			name = Helpers;
			path = ../../../PayTabsDemoStorePrivate/PaytabsDemoStore/Presentation/Helpers;
			sourceTree = "<group>";
		};
		E2C0FA9527694A180003B07E /* Manager */ = {
			isa = PBXGroup;
			children = (
				E2C0FA9627694A180003B07E /* DataManager.swift */,
			);
			name = Manager;
			path = ../../../PayTabsDemoStorePrivate/PaytabsDemoStore/Data/Manager;
			sourceTree = "<group>";
		};
		E2C0FA9727694A180003B07E /* Helper */ = {
			isa = PBXGroup;
			children = (
				E2C0FA9827694A180003B07E /* MoyaProviderBuilder.swift */,
				E2C0FA9927694A180003B07E /* APIConstants.swift */,
				E2C0FA9A27694A180003B07E /* Single+Request.swift */,
				E2C0FA9B27694A180003B07E /* NetworkError.swift */,
			);
			name = Helper;
			path = ../../../PayTabsDemoStorePrivate/PaytabsDemoStore/Data/Helper;
			sourceTree = "<group>";
		};
		E2C0FA9C27694A180003B07E /* Model */ = {
			isa = PBXGroup;
			children = (
				E2C0FA9D27694A180003B07E /* Responses */,
			);
			name = Model;
			path = ../../../PayTabsDemoStorePrivate/PaytabsDemoStore/Data/Model;
			sourceTree = "<group>";
		};
		E2C0FA9D27694A180003B07E /* Responses */ = {
			isa = PBXGroup;
			children = (
			);
			path = Responses;
			sourceTree = "<group>";
		};
		E2C3808B274172D90069E9B3 /* Common */ = {
			isa = PBXGroup;
			children = (
				E29FFF20273E9952001AA2A4 /* Assets.xcassets */,
				E29FFF17273E9950001AA2A4 /* AppDelegate.swift */,
				E29FFF19273E9950001AA2A4 /* SceneDelegate.swift */,
			);
			path = Common;
			sourceTree = "<group>";
		};
		E2C3808C274172FB0069E9B3 /* Presentation */ = {
			isa = PBXGroup;
			children = (
				E2C0FA88276948D70003B07E /* Helpers */,
				E2DB4C6927693A0200A46B94 /* Base UI */,
				E2C0FA582769485B0003B07E /* Extentions */,
			);
			path = Presentation;
			sourceTree = "<group>";
		};
		E2C3808D2741730D0069E9B3 /* Data */ = {
			isa = PBXGroup;
			children = (
				E2C0FA9727694A180003B07E /* Helper */,
				E2C0FA9527694A180003B07E /* Manager */,
				E2C0FA9C27694A180003B07E /* Model */,
			);
			path = Data;
			sourceTree = "<group>";
		};
		E2C3808E274173260069E9B3 /* Modules */ = {
			isa = PBXGroup;
			children = (
				E2742955276D0A8900D6676D /* ViewControllers */,
				E2742954276D0A6400D6676D /* Reusable cells */,
				E2C3808F274173480069E9B3 /* UI */,
			);
			path = Modules;
			sourceTree = "<group>";
		};
		E2C3808F274173480069E9B3 /* UI */ = {
			isa = PBXGroup;
			children = (
				E29FFF1D273E9950001AA2A4 /* Main.storyboard */,
				E29FFF22273E9952001AA2A4 /* LaunchScreen.storyboard */,
			);
			path = UI;
			sourceTree = "<group>";
		};
		E2C38090274173560069E9B3 /* WalkThrough */ = {
			isa = PBXGroup;
			children = (
				E2C380912741737D0069E9B3 /* WalkThroughVC.swift */,
				E214ED372764EA9000274FD3 /* WalkThroughData.swift */,
				E29A787827664EB3004F6111 /* WalkThroughCell.swift */,
			);
			path = WalkThrough;
			sourceTree = "<group>";
		};
		E2DB4C6427692E1F00A46B94 /* Home */ = {
			isa = PBXGroup;
			children = (
				E2DB4C6727692E5100A46B94 /* HomeVC.swift */,
				E27F16CD27697F36000EC632 /* HomeVM.swift */,
				E2D13BDA276A623F0007752E /* HomeDataSrc.swift */,
			);
			path = Home;
			sourceTree = "<group>";
		};
		E2DB4C6927693A0200A46B94 /* Base UI */ = {
			isa = PBXGroup;
			children = (
				E2DB4C6A27693A1700A46B94 /* BaseWireframe.swift */,
				E2DB4C6C27693A2300A46B94 /* ViewModel.swift */,
			);
			path = "Base UI";
			sourceTree = "<group>";
		};
		E2DE3DE327C5256A00156165 /* CardCell */ = {
			isa = PBXGroup;
			children = (
				E2DE3DE427C525B100156165 /* CardColelctionViewCell.swift */,
				E2DE3DE527C525B100156165 /* CardColelctionViewCell.xib */,
			);
			path = CardCell;
			sourceTree = "<group>";
		};
/* End PBXGroup section */

/* Begin PBXNativeTarget section */
		E29FFF13273E9950001AA2A4 /* EasyMoney */ = {
			isa = PBXNativeTarget;
			buildConfigurationList = E29FFF28273E9952001AA2A4 /* Build configuration list for PBXNativeTarget "EasyMoney" */;
			buildPhases = (
				31242475C91D29E44C8CAC4B /* [CP] Check Pods Manifest.lock */,
				E29FFF10273E9950001AA2A4 /* Sources */,
				E29FFF11273E9950001AA2A4 /* Frameworks */,
				E29FFF12273E9950001AA2A4 /* Resources */,
				AB8E0303E1D9D111ED5E629C /* [CP] Embed Pods Frameworks */,
			);
			buildRules = (
			);
			dependencies = (
			);
			name = EasyMoney;
			productName = EasyMoney;
			productReference = E29FFF14273E9950001AA2A4 /* EasyMoney.app */;
			productType = "com.apple.product-type.application";
		};
/* End PBXNativeTarget section */

/* Begin PBXProject section */
		E29FFF0C273E9950001AA2A4 /* Project object */ = {
			isa = PBXProject;
			attributes = {
				BuildIndependentTargetsInParallel = 1;
				LastSwiftUpdateCheck = 1300;
				LastUpgradeCheck = 1300;
				TargetAttributes = {
					E29FFF13273E9950001AA2A4 = {
						CreatedOnToolsVersion = 13.0;
					};
				};
			};
			buildConfigurationList = E29FFF0F273E9950001AA2A4 /* Build configuration list for PBXProject "EasyMoney" */;
			compatibilityVersion = "Xcode 13.0";
			developmentRegion = en;
			hasScannedForEncodings = 0;
			knownRegions = (
				en,
				Base,
			);
			mainGroup = E29FFF0B273E9950001AA2A4;
			productRefGroup = E29FFF15273E9950001AA2A4 /* Products */;
			projectDirPath = "";
			projectRoot = "";
			targets = (
				E29FFF13273E9950001AA2A4 /* EasyMoney */,
			);
		};
/* End PBXProject section */

/* Begin PBXResourcesBuildPhase section */
		E29FFF12273E9950001AA2A4 /* Resources */ = {
			isa = PBXResourcesBuildPhase;
			buildActionMask = 2147483647;
			files = (
				E2DE3DE727C525B100156165 /* CardColelctionViewCell.xib in Resources */,
				E29FFF24273E9952001AA2A4 /* LaunchScreen.storyboard in Resources */,
				E29FFF21273E9952001AA2A4 /* Assets.xcassets in Resources */,
				E274295C276D0AEE00D6676D /* HomeCell.xib in Resources */,
				E29FFF1F273E9950001AA2A4 /* Main.storyboard in Resources */,
			);
			runOnlyForDeploymentPostprocessing = 0;
		};
/* End PBXResourcesBuildPhase section */

/* Begin PBXShellScriptBuildPhase section */
		31242475C91D29E44C8CAC4B /* [CP] Check Pods Manifest.lock */ = {
			isa = PBXShellScriptBuildPhase;
			buildActionMask = 2147483647;
			files = (
			);
			inputFileListPaths = (
			);
			inputPaths = (
				"${PODS_PODFILE_DIR_PATH}/Podfile.lock",
				"${PODS_ROOT}/Manifest.lock",
			);
			name = "[CP] Check Pods Manifest.lock";
			outputFileListPaths = (
			);
			outputPaths = (
				"$(DERIVED_FILE_DIR)/Pods-EasyMoney-checkManifestLockResult.txt",
			);
			runOnlyForDeploymentPostprocessing = 0;
			shellPath = /bin/sh;
			shellScript = "diff \"${PODS_PODFILE_DIR_PATH}/Podfile.lock\" \"${PODS_ROOT}/Manifest.lock\" > /dev/null\nif [ $? != 0 ] ; then\n    # print error to STDERR\n    echo \"error: The sandbox is not in sync with the Podfile.lock. Run 'pod install' or update your CocoaPods installation.\" >&2\n    exit 1\nfi\n# This output is used by Xcode 'outputs' to avoid re-running this script phase.\necho \"SUCCESS\" > \"${SCRIPT_OUTPUT_FILE_0}\"\n";
			showEnvVarsInLog = 0;
		};
		AB8E0303E1D9D111ED5E629C /* [CP] Embed Pods Frameworks */ = {
			isa = PBXShellScriptBuildPhase;
			buildActionMask = 2147483647;
			files = (
			);
			inputFileListPaths = (
				"${PODS_ROOT}/Target Support Files/Pods-EasyMoney/Pods-EasyMoney-frameworks-${CONFIGURATION}-input-files.xcfilelist",
			);
			name = "[CP] Embed Pods Frameworks";
			outputFileListPaths = (
				"${PODS_ROOT}/Target Support Files/Pods-EasyMoney/Pods-EasyMoney-frameworks-${CONFIGURATION}-output-files.xcfilelist",
			);
			runOnlyForDeploymentPostprocessing = 0;
			shellPath = /bin/sh;
			shellScript = "\"${PODS_ROOT}/Target Support Files/Pods-EasyMoney/Pods-EasyMoney-frameworks.sh\"\n";
			showEnvVarsInLog = 0;
		};
/* End PBXShellScriptBuildPhase section */

/* Begin PBXSourcesBuildPhase section */
		E29FFF10273E9950001AA2A4 /* Sources */ = {
			isa = PBXSourcesBuildPhase;
			buildActionMask = 2147483647;
			files = (
				E2C0FA742769485B0003B07E /* ExUiImage.swift in Sources */,
				E29FFF18273E9950001AA2A4 /* AppDelegate.swift in Sources */,
				E2C0FAA127694A180003B07E /* APIConstants.swift in Sources */,
				E2DB4C6D27693A2300A46B94 /* ViewModel.swift in Sources */,
				E2C0FA792769485B0003B07E /* Storyboard.swift in Sources */,
				E2C0FA822769485B0003B07E /* UIView+Gestures.swift in Sources */,
				E2C0FA842769485B0003B07E /* TextFieldExtensions.swift in Sources */,
				E2D13BDB276A623F0007752E /* HomeDataSrc.swift in Sources */,
				E2C0FA7D2769485B0003B07E /* CollectionViewEx.swift in Sources */,
				E2C0FA7E2769485B0003B07E /* IntExtension.swift in Sources */,
				E2DB4C6827692E5100A46B94 /* HomeVC.swift in Sources */,
				E2C0FA90276948D70003B07E /* ValidationManger.swift in Sources */,
				E214ED382764EA9000274FD3 /* WalkThroughData.swift in Sources */,
				E2C0FA752769485B0003B07E /* UIViewController+Ex.swift in Sources */,
				E2C0FAA227694A180003B07E /* Single+Request.swift in Sources */,
				E2DB4C6B27693A1700A46B94 /* BaseWireframe.swift in Sources */,
				E2C0FA8F276948D70003B07E /* NotifyMessage.swift in Sources */,
				E2C0FAA027694A180003B07E /* MoyaProviderBuilder.swift in Sources */,
				E2C0FAA327694A180003B07E /* NetworkError.swift in Sources */,
				E27F16D027698145000EC632 /* MainTabBarVC.swift in Sources */,
				E2C0FA872769485B0003B07E /* UIView+constrains.swift in Sources */,
				E2C0FA782769485B0003B07E /* XIB.swift in Sources */,
				E2C0FA722769485B0003B07E /* UIAplications+Extensions.swift in Sources */,
				E2C0FA7A2769485B0003B07E /* UICollectionView+EmptyMessage.swift in Sources */,
				E2DE3DE627C525B100156165 /* CardColelctionViewCell.swift in Sources */,
				E2C0FA802769485B0003B07E /* EXString.swift in Sources */,
				E2C0FA712769485B0003B07E /* UIColor+init.swift in Sources */,
				E2C0FA7B2769485B0003B07E /* UIView+Extentions.swift in Sources */,
				E2C0FA732769485B0003B07E /* UIAlert+Extension.swift in Sources */,
				E29FFF1A273E9950001AA2A4 /* SceneDelegate.swift in Sources */,
				E27F16CE27697F36000EC632 /* HomeVM.swift in Sources */,
				E2C0FA772769485B0003B07E /* UITableView+EmptyMessageExtension.swift in Sources */,
				E2C0FA862769485B0003B07E /* Array+Extension.swift in Sources */,
				E2C0FA9F27694A180003B07E /* DataManager.swift in Sources */,
				E2C0FA7C2769485B0003B07E /* UINavigationController+Ex.swift in Sources */,
				E274295B276D0AEE00D6676D /* HomeCell.swift in Sources */,
				E2C0FA832769485B0003B07E /* UITableView+Scrolling.swift in Sources */,
				E2C0FA94276948D70003B07E /* SearchManager.swift in Sources */,
				E29A787927664EB3004F6111 /* WalkThroughCell.swift in Sources */,
				E28EBE7B276D577400D2BAE2 /* MainTabBar.swift in Sources */,
				E2C0FA852769485B0003B07E /* UIBarButtonItem+Extension.swift in Sources */,
				E2C0FA92276948D70003B07E /* Activity.swift in Sources */,
				E2C0FA762769485B0003B07E /* TableViewEx.swift in Sources */,
				E2C380922741737D0069E9B3 /* WalkThroughVC.swift in Sources */,
				E2C0FA93276948D70003B07E /* DateHelper.swift in Sources */,
				E2C0FA7F2769485B0003B07E /* DoubleExtention.swift in Sources */,
				E2C0FA812769485B0003B07E /* UIButton+CenterContent.swift in Sources */,
			);
			runOnlyForDeploymentPostprocessing = 0;
		};
/* End PBXSourcesBuildPhase section */

/* Begin PBXVariantGroup section */
		E29FFF1D273E9950001AA2A4 /* Main.storyboard */ = {
			isa = PBXVariantGroup;
			children = (
				E29FFF1E273E9950001AA2A4 /* Base */,
			);
			name = Main.storyboard;
			sourceTree = "<group>";
		};
		E29FFF22273E9952001AA2A4 /* LaunchScreen.storyboard */ = {
			isa = PBXVariantGroup;
			children = (
				E29FFF23273E9952001AA2A4 /* Base */,
			);
			name = LaunchScreen.storyboard;
			sourceTree = "<group>";
		};
/* End PBXVariantGroup section */

/* Begin XCBuildConfiguration section */
		E29FFF26273E9952001AA2A4 /* Debug */ = {
			isa = XCBuildConfiguration;
			buildSettings = {
				ALWAYS_SEARCH_USER_PATHS = NO;
				CLANG_ANALYZER_NONNULL = YES;
				CLANG_ANALYZER_NUMBER_OBJECT_CONVERSION = YES_AGGRESSIVE;
				CLANG_CXX_LANGUAGE_STANDARD = "gnu++17";
				CLANG_CXX_LIBRARY = "libc++";
				CLANG_ENABLE_MODULES = YES;
				CLANG_ENABLE_OBJC_ARC = YES;
				CLANG_ENABLE_OBJC_WEAK = YES;
				CLANG_WARN_BLOCK_CAPTURE_AUTORELEASING = YES;
				CLANG_WARN_BOOL_CONVERSION = YES;
				CLANG_WARN_COMMA = YES;
				CLANG_WARN_CONSTANT_CONVERSION = YES;
				CLANG_WARN_DEPRECATED_OBJC_IMPLEMENTATIONS = YES;
				CLANG_WARN_DIRECT_OBJC_ISA_USAGE = YES_ERROR;
				CLANG_WARN_DOCUMENTATION_COMMENTS = YES;
				CLANG_WARN_EMPTY_BODY = YES;
				CLANG_WARN_ENUM_CONVERSION = YES;
				CLANG_WARN_INFINITE_RECURSION = YES;
				CLANG_WARN_INT_CONVERSION = YES;
				CLANG_WARN_NON_LITERAL_NULL_CONVERSION = YES;
				CLANG_WARN_OBJC_IMPLICIT_RETAIN_SELF = YES;
				CLANG_WARN_OBJC_LITERAL_CONVERSION = YES;
				CLANG_WARN_OBJC_ROOT_CLASS = YES_ERROR;
				CLANG_WARN_QUOTED_INCLUDE_IN_FRAMEWORK_HEADER = YES;
				CLANG_WARN_RANGE_LOOP_ANALYSIS = YES;
				CLANG_WARN_STRICT_PROTOTYPES = YES;
				CLANG_WARN_SUSPICIOUS_MOVE = YES;
				CLANG_WARN_UNGUARDED_AVAILABILITY = YES_AGGRESSIVE;
				CLANG_WARN_UNREACHABLE_CODE = YES;
				CLANG_WARN__DUPLICATE_METHOD_MATCH = YES;
				COPY_PHASE_STRIP = NO;
				DEBUG_INFORMATION_FORMAT = dwarf;
				ENABLE_STRICT_OBJC_MSGSEND = YES;
				ENABLE_TESTABILITY = YES;
				GCC_C_LANGUAGE_STANDARD = gnu11;
				GCC_DYNAMIC_NO_PIC = NO;
				GCC_NO_COMMON_BLOCKS = YES;
				GCC_OPTIMIZATION_LEVEL = 0;
				GCC_PREPROCESSOR_DEFINITIONS = (
					"DEBUG=1",
					"$(inherited)",
				);
				GCC_WARN_64_TO_32_BIT_CONVERSION = YES;
				GCC_WARN_ABOUT_RETURN_TYPE = YES_ERROR;
				GCC_WARN_UNDECLARED_SELECTOR = YES;
				GCC_WARN_UNINITIALIZED_AUTOS = YES_AGGRESSIVE;
				GCC_WARN_UNUSED_FUNCTION = YES;
				GCC_WARN_UNUSED_VARIABLE = YES;
				IPHONEOS_DEPLOYMENT_TARGET = 15.0;
				MTL_ENABLE_DEBUG_INFO = INCLUDE_SOURCE;
				MTL_FAST_MATH = YES;
				ONLY_ACTIVE_ARCH = YES;
				SDKROOT = iphoneos;
				SWIFT_ACTIVE_COMPILATION_CONDITIONS = DEBUG;
				SWIFT_OPTIMIZATION_LEVEL = "-Onone";
			};
			name = Debug;
		};
		E29FFF27273E9952001AA2A4 /* Release */ = {
			isa = XCBuildConfiguration;
			buildSettings = {
				ALWAYS_SEARCH_USER_PATHS = NO;
				CLANG_ANALYZER_NONNULL = YES;
				CLANG_ANALYZER_NUMBER_OBJECT_CONVERSION = YES_AGGRESSIVE;
				CLANG_CXX_LANGUAGE_STANDARD = "gnu++17";
				CLANG_CXX_LIBRARY = "libc++";
				CLANG_ENABLE_MODULES = YES;
				CLANG_ENABLE_OBJC_ARC = YES;
				CLANG_ENABLE_OBJC_WEAK = YES;
				CLANG_WARN_BLOCK_CAPTURE_AUTORELEASING = YES;
				CLANG_WARN_BOOL_CONVERSION = YES;
				CLANG_WARN_COMMA = YES;
				CLANG_WARN_CONSTANT_CONVERSION = YES;
				CLANG_WARN_DEPRECATED_OBJC_IMPLEMENTATIONS = YES;
				CLANG_WARN_DIRECT_OBJC_ISA_USAGE = YES_ERROR;
				CLANG_WARN_DOCUMENTATION_COMMENTS = YES;
				CLANG_WARN_EMPTY_BODY = YES;
				CLANG_WARN_ENUM_CONVERSION = YES;
				CLANG_WARN_INFINITE_RECURSION = YES;
				CLANG_WARN_INT_CONVERSION = YES;
				CLANG_WARN_NON_LITERAL_NULL_CONVERSION = YES;
				CLANG_WARN_OBJC_IMPLICIT_RETAIN_SELF = YES;
				CLANG_WARN_OBJC_LITERAL_CONVERSION = YES;
				CLANG_WARN_OBJC_ROOT_CLASS = YES_ERROR;
				CLANG_WARN_QUOTED_INCLUDE_IN_FRAMEWORK_HEADER = YES;
				CLANG_WARN_RANGE_LOOP_ANALYSIS = YES;
				CLANG_WARN_STRICT_PROTOTYPES = YES;
				CLANG_WARN_SUSPICIOUS_MOVE = YES;
				CLANG_WARN_UNGUARDED_AVAILABILITY = YES_AGGRESSIVE;
				CLANG_WARN_UNREACHABLE_CODE = YES;
				CLANG_WARN__DUPLICATE_METHOD_MATCH = YES;
				COPY_PHASE_STRIP = NO;
				DEBUG_INFORMATION_FORMAT = "dwarf-with-dsym";
				ENABLE_NS_ASSERTIONS = NO;
				ENABLE_STRICT_OBJC_MSGSEND = YES;
				GCC_C_LANGUAGE_STANDARD = gnu11;
				GCC_NO_COMMON_BLOCKS = YES;
				GCC_WARN_64_TO_32_BIT_CONVERSION = YES;
				GCC_WARN_ABOUT_RETURN_TYPE = YES_ERROR;
				GCC_WARN_UNDECLARED_SELECTOR = YES;
				GCC_WARN_UNINITIALIZED_AUTOS = YES_AGGRESSIVE;
				GCC_WARN_UNUSED_FUNCTION = YES;
				GCC_WARN_UNUSED_VARIABLE = YES;
				IPHONEOS_DEPLOYMENT_TARGET = 15.0;
				MTL_ENABLE_DEBUG_INFO = NO;
				MTL_FAST_MATH = YES;
				ONLY_ACTIVE_ARCH = NO;
				SDKROOT = iphoneos;
				SWIFT_COMPILATION_MODE = wholemodule;
				SWIFT_OPTIMIZATION_LEVEL = "-O";
				VALIDATE_PRODUCT = YES;
			};
			name = Release;
		};
		E29FFF29273E9952001AA2A4 /* Debug */ = {
			isa = XCBuildConfiguration;
			baseConfigurationReference = 85529D7BABB7FC4D533FA7ED /* Pods-EasyMoney.debug.xcconfig */;
			buildSettings = {
				ASSETCATALOG_COMPILER_APPICON_NAME = AppIcon;
				ASSETCATALOG_COMPILER_GLOBAL_ACCENT_COLOR_NAME = AccentColor;
				CODE_SIGN_STYLE = Automatic;
				CURRENT_PROJECT_VERSION = 1;
				DEVELOPMENT_TEAM = M5V8XD8Y85;
				GENERATE_INFOPLIST_FILE = YES;
				INFOPLIST_FILE = EasyMoney/Info.plist;
				INFOPLIST_KEY_UIApplicationSupportsIndirectInputEvents = YES;
				INFOPLIST_KEY_UILaunchStoryboardName = LaunchScreen;
				INFOPLIST_KEY_UIMainStoryboardFile = Main;
				INFOPLIST_KEY_UISupportedInterfaceOrientations_iPad = "UIInterfaceOrientationPortrait UIInterfaceOrientationPortraitUpsideDown UIInterfaceOrientationLandscapeLeft UIInterfaceOrientationLandscapeRight";
				INFOPLIST_KEY_UISupportedInterfaceOrientations_iPhone = "UIInterfaceOrientationPortrait UIInterfaceOrientationLandscapeLeft UIInterfaceOrientationLandscapeRight";
				LD_RUNPATH_SEARCH_PATHS = (
					"$(inherited)",
					"@executable_path/Frameworks",
				);
				MARKETING_VERSION = 1.0;
				PRODUCT_BUNDLE_IDENTIFIER = AhmedShawky.EasyMoney;
				PRODUCT_NAME = "$(TARGET_NAME)";
				SWIFT_EMIT_LOC_STRINGS = YES;
				SWIFT_VERSION = 5.0;
				TARGETED_DEVICE_FAMILY = "1,2";
			};
			name = Debug;
		};
		E29FFF2A273E9952001AA2A4 /* Release */ = {
			isa = XCBuildConfiguration;
			baseConfigurationReference = B902C07E4FA9665AF5C8DB9B /* Pods-EasyMoney.release.xcconfig */;
			buildSettings = {
				ASSETCATALOG_COMPILER_APPICON_NAME = AppIcon;
				ASSETCATALOG_COMPILER_GLOBAL_ACCENT_COLOR_NAME = AccentColor;
				CODE_SIGN_STYLE = Automatic;
				CURRENT_PROJECT_VERSION = 1;
				DEVELOPMENT_TEAM = M5V8XD8Y85;
				GENERATE_INFOPLIST_FILE = YES;
				INFOPLIST_FILE = EasyMoney/Info.plist;
				INFOPLIST_KEY_UIApplicationSupportsIndirectInputEvents = YES;
				INFOPLIST_KEY_UILaunchStoryboardName = LaunchScreen;
				INFOPLIST_KEY_UIMainStoryboardFile = Main;
				INFOPLIST_KEY_UISupportedInterfaceOrientations_iPad = "UIInterfaceOrientationPortrait UIInterfaceOrientationPortraitUpsideDown UIInterfaceOrientationLandscapeLeft UIInterfaceOrientationLandscapeRight";
				INFOPLIST_KEY_UISupportedInterfaceOrientations_iPhone = "UIInterfaceOrientationPortrait UIInterfaceOrientationLandscapeLeft UIInterfaceOrientationLandscapeRight";
				LD_RUNPATH_SEARCH_PATHS = (
					"$(inherited)",
					"@executable_path/Frameworks",
				);
				MARKETING_VERSION = 1.0;
				PRODUCT_BUNDLE_IDENTIFIER = AhmedShawky.EasyMoney;
				PRODUCT_NAME = "$(TARGET_NAME)";
				SWIFT_EMIT_LOC_STRINGS = YES;
				SWIFT_VERSION = 5.0;
				TARGETED_DEVICE_FAMILY = "1,2";
			};
			name = Release;
		};
/* End XCBuildConfiguration section */

/* Begin XCConfigurationList section */
		E29FFF0F273E9950001AA2A4 /* Build configuration list for PBXProject "EasyMoney" */ = {
			isa = XCConfigurationList;
			buildConfigurations = (
				E29FFF26273E9952001AA2A4 /* Debug */,
				E29FFF27273E9952001AA2A4 /* Release */,
			);
			defaultConfigurationIsVisible = 0;
			defaultConfigurationName = Release;
		};
		E29FFF28273E9952001AA2A4 /* Build configuration list for PBXNativeTarget "EasyMoney" */ = {
			isa = XCConfigurationList;
			buildConfigurations = (
				E29FFF29273E9952001AA2A4 /* Debug */,
				E29FFF2A273E9952001AA2A4 /* Release */,
			);
			defaultConfigurationIsVisible = 0;
			defaultConfigurationName = Release;
		};
/* End XCConfigurationList section */
	};
	rootObject = E29FFF0C273E9950001AA2A4 /* Project object */;
}
